
Microsoft Visual Studio Solution File, Format Version 12.00
# Visual Studio Version 16
VisualStudioVersion = 16.0.29613.14
MinimumVisualStudioVersion = 10.0.40219.1
Project("{FAE04EC0-301F-11D3-BF4B-00C04F79EFBC}") = "DuSolidWorksTools", "DuSolidWorksTools\DuSolidWorksTools.csproj", "{C10039DE-346D-438C-84E4-3B6E3C0BCEE1}"
EndProject
Project("{2150E333-8FDC-42A3-9474-1A3956D46DE8}") = "Data", "Data", "{2B2D6904-5ECB-4D3A-BE56-94279D55CE67}"
EndProject
Project("{2150E333-8FDC-42A3-9474-1A3956D46DE8}") = "Core", "Core", "{76B60D0F-9E02-4ADC-BD22-DE1C2D9BEE2E}"
EndProject
Project("{2150E333-8FDC-42A3-9474-1A3956D46DE8}") = "View", "View", "{946A2DE1-4543-407B-B034-B586ADBA35E8}"
EndProject
Project("{FAE04EC0-301F-11D3-BF4B-00C04F79EFBC}") = "Du.VS.Core", "Du.VS.Core\Du.VS.Core.csproj", "{EAE0052C-DC08-451B-8CDB-73AFF33B4F83}"
EndProject
Project("{FAE04EC0-301F-11D3-BF4B-00C04F79EFBC}") = "Du.VS.Data", "Du.VS.Data\Du.VS.Data.csproj", "{3968A359-55EB-48A8-A1CB-A3ECB3563082}"
EndProject
Project("{FAE04EC0-301F-11D3-BF4B-00C04F79EFBC}") = "Du.VS.Views", "Du.VS.Views\Du.VS.Views.csproj", "{13C85F56-9B18-4D84-A0F6-3C46FE813F67}"
EndProject
Project("{2150E333-8FDC-42A3-9474-1A3956D46DE8}") = "Services", "Services", "{C6A3E1D9-027B-4646-B70F-8FC14951446B}"
EndProject
Project("{FAE04EC0-301F-11D3-BF4B-00C04F79EFBC}") = "Du.VS.Services", "Du.VS.Services\Du.VS.Services.csproj", "{05E19E8C-9664-4E73-B4CA-FD91096E7671}"
EndProject
Project("{FAE04EC0-301F-11D3-BF4B-00C04F79EFBC}") = "Du.VS.DataFactory", "Du.VS.DataFactory\Du.VS.DataFactory.csproj", "{C33CB28D-670D-4811-B4AF-96001E759D6C}"
EndProject
Project("{FAE04EC0-301F-11D3-BF4B-00C04F79EFBC}") = "Du.VS.Languages", "Du.VS.Languages\Du.VS.Languages.csproj", "{AC6D3E2D-1FFC-43D5-A13D-1D82D6BD2C40}"
EndProject
Project("{2150E333-8FDC-42A3-9474-1A3956D46DE8}") = "Test", "Test", "{64809E32-5B42-494A-9F83-8C429EA78740}"
EndProject
Global
	GlobalSection(SolutionConfigurationPlatforms) = preSolution
		Debug|Any CPU = Debug|Any CPU
		Release|Any CPU = Release|Any CPU
	EndGlobalSection
	GlobalSection(ProjectConfigurationPlatforms) = postSolution
		{C10039DE-346D-438C-84E4-3B6E3C0BCEE1}.Debug|Any CPU.ActiveCfg = Debug|Any CPU
		{C10039DE-346D-438C-84E4-3B6E3C0BCEE1}.Debug|Any CPU.Build.0 = Debug|Any CPU
		{C10039DE-346D-438C-84E4-3B6E3C0BCEE1}.Release|Any CPU.ActiveCfg = Release|Any CPU
		{C10039DE-346D-438C-84E4-3B6E3C0BCEE1}.Release|Any CPU.Build.0 = Release|Any CPU
		{EAE0052C-DC08-451B-8CDB-73AFF33B4F83}.Debug|Any CPU.ActiveCfg = Debug|Any CPU
		{EAE0052C-DC08-451B-8CDB-73AFF33B4F83}.Debug|Any CPU.Build.0 = Debug|Any CPU
		{EAE0052C-DC08-451B-8CDB-73AFF33B4F83}.Release|Any CPU.ActiveCfg = Release|Any CPU
		{EAE0052C-DC08-451B-8CDB-73AFF33B4F83}.Release|Any CPU.Build.0 = Release|Any CPU
		{3968A359-55EB-48A8-A1CB-A3ECB3563082}.Debug|Any CPU.ActiveCfg = Debug|Any CPU
		{3968A359-55EB-48A8-A1CB-A3ECB3563082}.Debug|Any CPU.Build.0 = Debug|Any CPU
		{3968A359-55EB-48A8-A1CB-A3ECB3563082}.Release|Any CPU.ActiveCfg = Release|Any CPU
		{3968A359-55EB-48A8-A1CB-A3ECB3563082}.Release|Any CPU.Build.0 = Release|Any CPU
		{13C85F56-9B18-4D84-A0F6-3C46FE813F67}.Debug|Any CPU.ActiveCfg = Debug|Any CPU
		{13C85F56-9B18-4D84-A0F6-3C46FE813F67}.Debug|Any CPU.Build.0 = Debug|Any CPU
		{13C85F56-9B18-4D84-A0F6-3C46FE813F67}.Release|Any CPU.ActiveCfg = Release|Any CPU
		{13C85F56-9B18-4D84-A0F6-3C46FE813F67}.Release|Any CPU.Build.0 = Release|Any CPU
		{05E19E8C-9664-4E73-B4CA-FD91096E7671}.Debug|Any CPU.ActiveCfg = Debug|Any CPU
		{05E19E8C-9664-4E73-B4CA-FD91096E7671}.Debug|Any CPU.Build.0 = Debug|Any CPU
		{05E19E8C-9664-4E73-B4CA-FD91096E7671}.Release|Any CPU.ActiveCfg = Release|Any CPU
		{05E19E8C-9664-4E73-B4CA-FD91096E7671}.Release|Any CPU.Build.0 = Release|Any CPU
		{C33CB28D-670D-4811-B4AF-96001E759D6C}.Debug|Any CPU.ActiveCfg = Debug|Any CPU
		{C33CB28D-670D-4811-B4AF-96001E759D6C}.Debug|Any CPU.Build.0 = Debug|Any CPU
		{C33CB28D-670D-4811-B4AF-96001E759D6C}.Release|Any CPU.ActiveCfg = Release|Any CPU
		{C33CB28D-670D-4811-B4AF-96001E759D6C}.Release|Any CPU.Build.0 = Release|Any CPU
		{AC6D3E2D-1FFC-43D5-A13D-1D82D6BD2C40}.Debug|Any CPU.ActiveCfg = Debug|Any CPU
		{AC6D3E2D-1FFC-43D5-A13D-1D82D6BD2C40}.Debug|Any CPU.Build.0 = Debug|Any CPU
		{AC6D3E2D-1FFC-43D5-A13D-1D82D6BD2C40}.Release|Any CPU.ActiveCfg = Release|Any CPU
		{AC6D3E2D-1FFC-43D5-A13D-1D82D6BD2C40}.Release|Any CPU.Build.0 = Release|Any CPU
	EndGlobalSection
	GlobalSection(SolutionProperties) = preSolution
		HideSolutionNode = FALSE
	EndGlobalSection
	GlobalSection(NestedProjects) = preSolution
		{EAE0052C-DC08-451B-8CDB-73AFF33B4F83} = {76B60D0F-9E02-4ADC-BD22-DE1C2D9BEE2E}
		{3968A359-55EB-48A8-A1CB-A3ECB3563082} = {2B2D6904-5ECB-4D3A-BE56-94279D55CE67}
		{13C85F56-9B18-4D84-A0F6-3C46FE813F67} = {946A2DE1-4543-407B-B034-B586ADBA35E8}
		{05E19E8C-9664-4E73-B4CA-FD91096E7671} = {C6A3E1D9-027B-4646-B70F-8FC14951446B}
		{C33CB28D-670D-4811-B4AF-96001E759D6C} = {2B2D6904-5ECB-4D3A-BE56-94279D55CE67}
		{AC6D3E2D-1FFC-43D5-A13D-1D82D6BD2C40} = {2B2D6904-5ECB-4D3A-BE56-94279D55CE67}
	EndGlobalSection
	GlobalSection(ExtensibilityGlobals) = postSolution
		SolutionGuid = {C9465240-5BDB-40B5-B3BB-5A79D89F4772}
	EndGlobalSection
EndGlobal
